// !$*UTF8*$!
{
	archiveVersion = 1;
	classes = {
	};
	objectVersion = 50;
	objects = {

/* Begin PBXBuildFile section */
		D339418B266A0F9F0007F09F /* NSTextField.swift in Sources */ = {isa = PBXBuildFile; fileRef = D339418A266A0F9F0007F09F /* NSTextField.swift */; };
		D3DF2C9326694C9F001812FE /* AppDelegate.swift in Sources */ = {isa = PBXBuildFile; fileRef = D3DF2C9226694C9F001812FE /* AppDelegate.swift */; };
		D3DF2C9526694C9F001812FE /* MainController.swift in Sources */ = {isa = PBXBuildFile; fileRef = D3DF2C9426694C9F001812FE /* MainController.swift */; };
		D3DF2C9726694CA8001812FE /* Assets.xcassets in Resources */ = {isa = PBXBuildFile; fileRef = D3DF2C9626694CA8001812FE /* Assets.xcassets */; };
		D3DF2C9A26694CA9001812FE /* Main.storyboard in Resources */ = {isa = PBXBuildFile; fileRef = D3DF2C9826694CA9001812FE /* Main.storyboard */; };
		D3DF2CA626694CA9001812FE /* testTests.swift in Sources */ = {isa = PBXBuildFile; fileRef = D3DF2CA526694CA9001812FE /* testTests.swift */; };
		D3DF2CB126694CAA001812FE /* testUITests.swift in Sources */ = {isa = PBXBuildFile; fileRef = D3DF2CB026694CAA001812FE /* testUITests.swift */; };
		D3DF2CC6266953CE001812FE /* GridItem.swift in Sources */ = {isa = PBXBuildFile; fileRef = D3DF2CC5266953CE001812FE /* GridItem.swift */; };
		D3DF2D002669B57F001812FE /* Book.swift in Sources */ = {isa = PBXBuildFile; fileRef = D3DF2CFF2669B57F001812FE /* Book.swift */; };
		D3DF2D092669B6FD001812FE /* TableCell.swift in Sources */ = {isa = PBXBuildFile; fileRef = D3DF2D082669B6FD001812FE /* TableCell.swift */; };
		D3DF2D1C2669E857001812FE /* GridItem.xib in Resources */ = {isa = PBXBuildFile; fileRef = D3DF2D1B2669E857001812FE /* GridItem.xib */; };
/* End PBXBuildFile section */

/* Begin PBXContainerItemProxy section */
		D3DF2CA226694CA9001812FE /* PBXContainerItemProxy */ = {
			isa = PBXContainerItemProxy;
			containerPortal = D3DF2C8726694C9E001812FE /* Project object */;
			proxyType = 1;
			remoteGlobalIDString = D3DF2C8E26694C9F001812FE;
			remoteInfo = test;
		};
		D3DF2CAD26694CAA001812FE /* PBXContainerItemProxy */ = {
			isa = PBXContainerItemProxy;
			containerPortal = D3DF2C8726694C9E001812FE /* Project object */;
			proxyType = 1;
			remoteGlobalIDString = D3DF2C8E26694C9F001812FE;
			remoteInfo = test;
		};
/* End PBXContainerItemProxy section */

/* Begin PBXFileReference section */
		D339418A266A0F9F0007F09F /* NSTextField.swift */ = {isa = PBXFileReference; lastKnownFileType = sourcecode.swift; path = NSTextField.swift; sourceTree = "<group>"; };
		D3DF2C8F26694C9F001812FE /* test.app */ = {isa = PBXFileReference; explicitFileType = wrapper.application; includeInIndex = 0; path = test.app; sourceTree = BUILT_PRODUCTS_DIR; };
		D3DF2C9226694C9F001812FE /* AppDelegate.swift */ = {isa = PBXFileReference; lastKnownFileType = sourcecode.swift; path = AppDelegate.swift; sourceTree = "<group>"; };
		D3DF2C9426694C9F001812FE /* MainController.swift */ = {isa = PBXFileReference; lastKnownFileType = sourcecode.swift; path = MainController.swift; sourceTree = "<group>"; };
		D3DF2C9626694CA8001812FE /* Assets.xcassets */ = {isa = PBXFileReference; lastKnownFileType = folder.assetcatalog; path = Assets.xcassets; sourceTree = "<group>"; };
		D3DF2C9926694CA9001812FE /* Base */ = {isa = PBXFileReference; lastKnownFileType = file.storyboard; name = Base; path = Base.lproj/Main.storyboard; sourceTree = "<group>"; };
		D3DF2C9B26694CA9001812FE /* Info.plist */ = {isa = PBXFileReference; lastKnownFileType = text.plist.xml; path = Info.plist; sourceTree = "<group>"; };
		D3DF2C9C26694CA9001812FE /* test.entitlements */ = {isa = PBXFileReference; lastKnownFileType = text.plist.entitlements; path = test.entitlements; sourceTree = "<group>"; };
		D3DF2CA126694CA9001812FE /* testTests.xctest */ = {isa = PBXFileReference; explicitFileType = wrapper.cfbundle; includeInIndex = 0; path = testTests.xctest; sourceTree = BUILT_PRODUCTS_DIR; };
		D3DF2CA526694CA9001812FE /* testTests.swift */ = {isa = PBXFileReference; lastKnownFileType = sourcecode.swift; path = testTests.swift; sourceTree = "<group>"; };
		D3DF2CA726694CA9001812FE /* Info.plist */ = {isa = PBXFileReference; lastKnownFileType = text.plist.xml; path = Info.plist; sourceTree = "<group>"; };
		D3DF2CAC26694CAA001812FE /* testUITests.xctest */ = {isa = PBXFileReference; explicitFileType = wrapper.cfbundle; includeInIndex = 0; path = testUITests.xctest; sourceTree = BUILT_PRODUCTS_DIR; };
		D3DF2CB026694CAA001812FE /* testUITests.swift */ = {isa = PBXFileReference; lastKnownFileType = sourcecode.swift; path = testUITests.swift; sourceTree = "<group>"; };
		D3DF2CB226694CAA001812FE /* Info.plist */ = {isa = PBXFileReference; lastKnownFileType = text.plist.xml; path = Info.plist; sourceTree = "<group>"; };
		D3DF2CC5266953CE001812FE /* GridItem.swift */ = {isa = PBXFileReference; lastKnownFileType = sourcecode.swift; path = GridItem.swift; sourceTree = "<group>"; };
		D3DF2CFF2669B57F001812FE /* Book.swift */ = {isa = PBXFileReference; lastKnownFileType = sourcecode.swift; path = Book.swift; sourceTree = "<group>"; };
		D3DF2D082669B6FD001812FE /* TableCell.swift */ = {isa = PBXFileReference; lastKnownFileType = sourcecode.swift; path = TableCell.swift; sourceTree = "<group>"; };
		D3DF2D1B2669E857001812FE /* GridItem.xib */ = {isa = PBXFileReference; lastKnownFileType = file.xib; path = GridItem.xib; sourceTree = "<group>"; };
/* End PBXFileReference section */

/* Begin PBXFrameworksBuildPhase section */
		D3DF2C8C26694C9F001812FE /* Frameworks */ = {
			isa = PBXFrameworksBuildPhase;
			buildActionMask = 2147483647;
			files = (
			);
			runOnlyForDeploymentPostprocessing = 0;
		};
		D3DF2C9E26694CA9001812FE /* Frameworks */ = {
			isa = PBXFrameworksBuildPhase;
			buildActionMask = 2147483647;
			files = (
			);
			runOnlyForDeploymentPostprocessing = 0;
		};
		D3DF2CA926694CA9001812FE /* Frameworks */ = {
			isa = PBXFrameworksBuildPhase;
			buildActionMask = 2147483647;
			files = (
			);
			runOnlyForDeploymentPostprocessing = 0;
		};
/* End PBXFrameworksBuildPhase section */

/* Begin PBXGroup section */
		D3394189266A0F7D0007F09F /* helper */ = {
			isa = PBXGroup;
			children = (
				D339418A266A0F9F0007F09F /* NSTextField.swift */,
			);
			path = helper;
			sourceTree = "<group>";
		};
		D3DF2C8626694C9E001812FE = {
			isa = PBXGroup;
			children = (
				D3DF2C9126694C9F001812FE /* test */,
				D3DF2CA426694CA9001812FE /* testTests */,
				D3DF2CAF26694CAA001812FE /* testUITests */,
				D3DF2C9026694C9F001812FE /* Products */,
			);
			sourceTree = "<group>";
		};
		D3DF2C9026694C9F001812FE /* Products */ = {
			isa = PBXGroup;
			children = (
				D3DF2C8F26694C9F001812FE /* test.app */,
				D3DF2CA126694CA9001812FE /* testTests.xctest */,
				D3DF2CAC26694CAA001812FE /* testUITests.xctest */,
			);
			name = Products;
			sourceTree = "<group>";
		};
		D3DF2C9126694C9F001812FE /* test */ = {
			isa = PBXGroup;
			children = (
				D3394189266A0F7D0007F09F /* helper */,
				D3DF2CFE2669B541001812FE /* models */,
				D3DF2CC4266953B1001812FE /* components */,
				D3DF2C9226694C9F001812FE /* AppDelegate.swift */,
				D3DF2C9426694C9F001812FE /* MainController.swift */,
				D3DF2C9626694CA8001812FE /* Assets.xcassets */,
				D3DF2C9826694CA9001812FE /* Main.storyboard */,
				D3DF2C9B26694CA9001812FE /* Info.plist */,
				D3DF2C9C26694CA9001812FE /* test.entitlements */,
			);
			path = test;
			sourceTree = "<group>";
		};
		D3DF2CA426694CA9001812FE /* testTests */ = {
			isa = PBXGroup;
			children = (
				D3DF2CA526694CA9001812FE /* testTests.swift */,
				D3DF2CA726694CA9001812FE /* Info.plist */,
			);
			path = testTests;
			sourceTree = "<group>";
		};
		D3DF2CAF26694CAA001812FE /* testUITests */ = {
			isa = PBXGroup;
			children = (
				D3DF2CB026694CAA001812FE /* testUITests.swift */,
				D3DF2CB226694CAA001812FE /* Info.plist */,
			);
			path = testUITests;
			sourceTree = "<group>";
		};
		D3DF2CC4266953B1001812FE /* components */ = {
			isa = PBXGroup;
			children = (
				D3DF2CC5266953CE001812FE /* GridItem.swift */,
				D3DF2D082669B6FD001812FE /* TableCell.swift */,
				D3DF2D1B2669E857001812FE /* GridItem.xib */,
			);
			path = components;
			sourceTree = "<group>";
		};
		D3DF2CFE2669B541001812FE /* models */ = {
			isa = PBXGroup;
			children = (
				D3DF2CFF2669B57F001812FE /* Book.swift */,
			);
			path = models;
			sourceTree = "<group>";
		};
/* End PBXGroup section */

/* Begin PBXNativeTarget section */
		D3DF2C8E26694C9F001812FE /* test */ = {
			isa = PBXNativeTarget;
			buildConfigurationList = D3DF2CB526694CAA001812FE /* Build configuration list for PBXNativeTarget "test" */;
			buildPhases = (
				D3DF2C8B26694C9F001812FE /* Sources */,
				D3DF2C8C26694C9F001812FE /* Frameworks */,
				D3DF2C8D26694C9F001812FE /* Resources */,
			);
			buildRules = (
			);
			dependencies = (
			);
			name = test;
			productName = test;
			productReference = D3DF2C8F26694C9F001812FE /* test.app */;
			productType = "com.apple.product-type.application";
		};
		D3DF2CA026694CA9001812FE /* testTests */ = {
			isa = PBXNativeTarget;
			buildConfigurationList = D3DF2CB826694CAA001812FE /* Build configuration list for PBXNativeTarget "testTests" */;
			buildPhases = (
				D3DF2C9D26694CA9001812FE /* Sources */,
				D3DF2C9E26694CA9001812FE /* Frameworks */,
				D3DF2C9F26694CA9001812FE /* Resources */,
			);
			buildRules = (
			);
			dependencies = (
				D3DF2CA326694CA9001812FE /* PBXTargetDependency */,
			);
			name = testTests;
			productName = testTests;
			productReference = D3DF2CA126694CA9001812FE /* testTests.xctest */;
			productType = "com.apple.product-type.bundle.unit-test";
		};
		D3DF2CAB26694CA9001812FE /* testUITests */ = {
			isa = PBXNativeTarget;
			buildConfigurationList = D3DF2CBB26694CAA001812FE /* Build configuration list for PBXNativeTarget "testUITests" */;
			buildPhases = (
				D3DF2CA826694CA9001812FE /* Sources */,
				D3DF2CA926694CA9001812FE /* Frameworks */,
				D3DF2CAA26694CA9001812FE /* Resources */,
			);
			buildRules = (
			);
			dependencies = (
				D3DF2CAE26694CAA001812FE /* PBXTargetDependency */,
			);
			name = testUITests;
			productName = testUITests;
			productReference = D3DF2CAC26694CAA001812FE /* testUITests.xctest */;
			productType = "com.apple.product-type.bundle.ui-testing";
		};
/* End PBXNativeTarget section */

/* Begin PBXProject section */
		D3DF2C8726694C9E001812FE /* Project object */ = {
			isa = PBXProject;
			attributes = {
				LastSwiftUpdateCheck = 1240;
				LastUpgradeCheck = 1240;
				TargetAttributes = {
					D3DF2C8E26694C9F001812FE = {
						CreatedOnToolsVersion = 12.4;
					};
					D3DF2CA026694CA9001812FE = {
						CreatedOnToolsVersion = 12.4;
						TestTargetID = D3DF2C8E26694C9F001812FE;
					};
					D3DF2CAB26694CA9001812FE = {
						CreatedOnToolsVersion = 12.4;
						TestTargetID = D3DF2C8E26694C9F001812FE;
					};
				};
			};
			buildConfigurationList = D3DF2C8A26694C9E001812FE /* Build configuration list for PBXProject "test" */;
			compatibilityVersion = "Xcode 9.3";
			developmentRegion = en;
			hasScannedForEncodings = 0;
			knownRegions = (
				en,
				Base,
			);
			mainGroup = D3DF2C8626694C9E001812FE;
			productRefGroup = D3DF2C9026694C9F001812FE /* Products */;
			projectDirPath = "";
			projectRoot = "";
			targets = (
				D3DF2C8E26694C9F001812FE /* test */,
				D3DF2CA026694CA9001812FE /* testTests */,
				D3DF2CAB26694CA9001812FE /* testUITests */,
			);
		};
/* End PBXProject section */

/* Begin PBXResourcesBuildPhase section */
		D3DF2C8D26694C9F001812FE /* Resources */ = {
			isa = PBXResourcesBuildPhase;
			buildActionMask = 2147483647;
			files = (
				D3DF2C9726694CA8001812FE /* Assets.xcassets in Resources */,
				D3DF2C9A26694CA9001812FE /* Main.storyboard in Resources */,
				D3DF2D1C2669E857001812FE /* GridItem.xib in Resources */,
			);
			runOnlyForDeploymentPostprocessing = 0;
		};
		D3DF2C9F26694CA9001812FE /* Resources */ = {
			isa = PBXResourcesBuildPhase;
			buildActionMask = 2147483647;
			files = (
			);
			runOnlyForDeploymentPostprocessing = 0;
		};
		D3DF2CAA26694CA9001812FE /* Resources */ = {
			isa = PBXResourcesBuildPhase;
			buildActionMask = 2147483647;
			files = (
			);
			runOnlyForDeploymentPostprocessing = 0;
		};
/* End PBXResourcesBuildPhase section */

/* Begin PBXSourcesBuildPhase section */
		D3DF2C8B26694C9F001812FE /* Sources */ = {
			isa = PBXSourcesBuildPhase;
			buildActionMask = 2147483647;
			files = (
				D339418B266A0F9F0007F09F /* NSTextField.swift in Sources */,
				D3DF2D092669B6FD001812FE /* TableCell.swift in Sources */,
				D3DF2D002669B57F001812FE /* Book.swift in Sources */,
				D3DF2CC6266953CE001812FE /* GridItem.swift in Sources */,
				D3DF2C9526694C9F001812FE /* MainController.swift in Sources */,
				D3DF2C9326694C9F001812FE /* AppDelegate.swift in Sources */,
			);
			runOnlyForDeploymentPostprocessing = 0;
		};
		D3DF2C9D26694CA9001812FE /* Sources */ = {
			isa = PBXSourcesBuildPhase;
			buildActionMask = 2147483647;
			files = (
				D3DF2CA626694CA9001812FE /* testTests.swift in Sources */,
			);
			runOnlyForDeploymentPostprocessing = 0;
		};
		D3DF2CA826694CA9001812FE /* Sources */ = {
			isa = PBXSourcesBuildPhase;
			buildActionMask = 2147483647;
			files = (
				D3DF2CB126694CAA001812FE /* testUITests.swift in Sources */,
			);
			runOnlyForDeploymentPostprocessing = 0;
		};
/* End PBXSourcesBuildPhase section */

/* Begin PBXTargetDependency section */
		D3DF2CA326694CA9001812FE /* PBXTargetDependency */ = {
			isa = PBXTargetDependency;
			target = D3DF2C8E26694C9F001812FE /* test */;
			targetProxy = D3DF2CA226694CA9001812FE /* PBXContainerItemProxy */;
		};
		D3DF2CAE26694CAA001812FE /* PBXTargetDependency */ = {
			isa = PBXTargetDependency;
			target = D3DF2C8E26694C9F001812FE /* test */;
			targetProxy = D3DF2CAD26694CAA001812FE /* PBXContainerItemProxy */;
		};
/* End PBXTargetDependency section */

/* Begin PBXVariantGroup section */
		D3DF2C9826694CA9001812FE /* Main.storyboard */ = {
			isa = PBXVariantGroup;
			children = (
				D3DF2C9926694CA9001812FE /* Base */,
			);
			name = Main.storyboard;
			sourceTree = "<group>";
		};
/* End PBXVariantGroup section */

/* Begin XCBuildConfiguration section */
		D3DF2CB326694CAA001812FE /* Debug */ = {
			isa = XCBuildConfiguration;
			buildSettings = {
				ALWAYS_SEARCH_USER_PATHS = NO;
				CLANG_ANALYZER_NONNULL = YES;
				CLANG_ANALYZER_NUMBER_OBJECT_CONVERSION = YES_AGGRESSIVE;
				CLANG_CXX_LANGUAGE_STANDARD = "gnu++14";
				CLANG_CXX_LIBRARY = "libc++";
				CLANG_ENABLE_MODULES = YES;
				CLANG_ENABLE_OBJC_ARC = YES;
				CLANG_ENABLE_OBJC_WEAK = YES;
				CLANG_WARN_BLOCK_CAPTURE_AUTORELEASING = YES;
				CLANG_WARN_BOOL_CONVERSION = YES;
				CLANG_WARN_COMMA = YES;
				CLANG_WARN_CONSTANT_CONVERSION = YES;
				CLANG_WARN_DEPRECATED_OBJC_IMPLEMENTATIONS = YES;
				CLANG_WARN_DIRECT_OBJC_ISA_USAGE = YES_ERROR;
				CLANG_WARN_DOCUMENTATION_COMMENTS = YES;
				CLANG_WARN_EMPTY_BODY = YES;
				CLANG_WARN_ENUM_CONVERSION = YES;
				CLANG_WARN_INFINITE_RECURSION = YES;
				CLANG_WARN_INT_CONVERSION = YES;
				CLANG_WARN_NON_LITERAL_NULL_CONVERSION = YES;
				CLANG_WARN_OBJC_IMPLICIT_RETAIN_SELF = YES;
				CLANG_WARN_OBJC_LITERAL_CONVERSION = YES;
				CLANG_WARN_OBJC_ROOT_CLASS = YES_ERROR;
				CLANG_WARN_QUOTED_INCLUDE_IN_FRAMEWORK_HEADER = YES;
				CLANG_WARN_RANGE_LOOP_ANALYSIS = YES;
				CLANG_WARN_STRICT_PROTOTYPES = YES;
				CLANG_WARN_SUSPICIOUS_MOVE = YES;
				CLANG_WARN_UNGUARDED_AVAILABILITY = YES_AGGRESSIVE;
				CLANG_WARN_UNREACHABLE_CODE = YES;
				CLANG_WARN__DUPLICATE_METHOD_MATCH = YES;
				COPY_PHASE_STRIP = NO;
				DEBUG_INFORMATION_FORMAT = dwarf;
				ENABLE_STRICT_OBJC_MSGSEND = YES;
				ENABLE_TESTABILITY = YES;
				GCC_C_LANGUAGE_STANDARD = gnu11;
				GCC_DYNAMIC_NO_PIC = NO;
				GCC_NO_COMMON_BLOCKS = YES;
				GCC_OPTIMIZATION_LEVEL = 0;
				GCC_PREPROCESSOR_DEFINITIONS = (
					"DEBUG=1",
					"$(inherited)",
				);
				GCC_WARN_64_TO_32_BIT_CONVERSION = YES;
				GCC_WARN_ABOUT_RETURN_TYPE = YES_ERROR;
				GCC_WARN_UNDECLARED_SELECTOR = YES;
				GCC_WARN_UNINITIALIZED_AUTOS = YES_AGGRESSIVE;
				GCC_WARN_UNUSED_FUNCTION = YES;
				GCC_WARN_UNUSED_VARIABLE = YES;
				MACOSX_DEPLOYMENT_TARGET = 11.0;
				MTL_ENABLE_DEBUG_INFO = INCLUDE_SOURCE;
				MTL_FAST_MATH = YES;
				ONLY_ACTIVE_ARCH = YES;
				SDKROOT = macosx;
				SWIFT_ACTIVE_COMPILATION_CONDITIONS = DEBUG;
				SWIFT_OPTIMIZATION_LEVEL = "-Onone";
			};
			name = Debug;
		};
		D3DF2CB426694CAA001812FE /* Release */ = {
			isa = XCBuildConfiguration;
			buildSettings = {
				ALWAYS_SEARCH_USER_PATHS = NO;
				CLANG_ANALYZER_NONNULL = YES;
				CLANG_ANALYZER_NUMBER_OBJECT_CONVERSION = YES_AGGRESSIVE;
				CLANG_CXX_LANGUAGE_STANDARD = "gnu++14";
				CLANG_CXX_LIBRARY = "libc++";
				CLANG_ENABLE_MODULES = YES;
				CLANG_ENABLE_OBJC_ARC = YES;
				CLANG_ENABLE_OBJC_WEAK = YES;
				CLANG_WARN_BLOCK_CAPTURE_AUTORELEASING = YES;
				CLANG_WARN_BOOL_CONVERSION = YES;
				CLANG_WARN_COMMA = YES;
				CLANG_WARN_CONSTANT_CONVERSION = YES;
				CLANG_WARN_DEPRECATED_OBJC_IMPLEMENTATIONS = YES;
				CLANG_WARN_DIRECT_OBJC_ISA_USAGE = YES_ERROR;
				CLANG_WARN_DOCUMENTATION_COMMENTS = YES;
				CLANG_WARN_EMPTY_BODY = YES;
				CLANG_WARN_ENUM_CONVERSION = YES;
				CLANG_WARN_INFINITE_RECURSION = YES;
				CLANG_WARN_INT_CONVERSION = YES;
				CLANG_WARN_NON_LITERAL_NULL_CONVERSION = YES;
				CLANG_WARN_OBJC_IMPLICIT_RETAIN_SELF = YES;
				CLANG_WARN_OBJC_LITERAL_CONVERSION = YES;
				CLANG_WARN_OBJC_ROOT_CLASS = YES_ERROR;
				CLANG_WARN_QUOTED_INCLUDE_IN_FRAMEWORK_HEADER = YES;
				CLANG_WARN_RANGE_LOOP_ANALYSIS = YES;
				CLANG_WARN_STRICT_PROTOTYPES = YES;
				CLANG_WARN_SUSPICIOUS_MOVE = YES;
				CLANG_WARN_UNGUARDED_AVAILABILITY = YES_AGGRESSIVE;
				CLANG_WARN_UNREACHABLE_CODE = YES;
				CLANG_WARN__DUPLICATE_METHOD_MATCH = YES;
				COPY_PHASE_STRIP = NO;
				DEBUG_INFORMATION_FORMAT = "dwarf-with-dsym";
				ENABLE_NS_ASSERTIONS = NO;
				ENABLE_STRICT_OBJC_MSGSEND = YES;
				GCC_C_LANGUAGE_STANDARD = gnu11;
				GCC_NO_COMMON_BLOCKS = YES;
				GCC_WARN_64_TO_32_BIT_CONVERSION = YES;
				GCC_WARN_ABOUT_RETURN_TYPE = YES_ERROR;
				GCC_WARN_UNDECLARED_SELECTOR = YES;
				GCC_WARN_UNINITIALIZED_AUTOS = YES_AGGRESSIVE;
				GCC_WARN_UNUSED_FUNCTION = YES;
				GCC_WARN_UNUSED_VARIABLE = YES;
				MACOSX_DEPLOYMENT_TARGET = 11.0;
				MTL_ENABLE_DEBUG_INFO = NO;
				MTL_FAST_MATH = YES;
				SDKROOT = macosx;
				SWIFT_COMPILATION_MODE = wholemodule;
				SWIFT_OPTIMIZATION_LEVEL = "-O";
			};
			name = Release;
		};
		D3DF2CB626694CAA001812FE /* Debug */ = {
			isa = XCBuildConfiguration;
			buildSettings = {
				ASSETCATALOG_COMPILER_APPICON_NAME = AppIcon;
				ASSETCATALOG_COMPILER_GLOBAL_ACCENT_COLOR_NAME = AccentColor;
				CODE_SIGN_ENTITLEMENTS = test/test.entitlements;
				CODE_SIGN_STYLE = Automatic;
				COMBINE_HIDPI_IMAGES = YES;
				DEVELOPMENT_TEAM = 8FH8PKCQ84;
				ENABLE_HARDENED_RUNTIME = YES;
				INFOPLIST_FILE = test/Info.plist;
				LD_RUNPATH_SEARCH_PATHS = (
					"$(inherited)",
					"@executable_path/../Frameworks",
				);
				PRODUCT_BUNDLE_IDENTIFIER = "Lemitty-LLC.test";
				PRODUCT_NAME = "$(TARGET_NAME)";
				SWIFT_VERSION = 5.0;
			};
			name = Debug;
		};
		D3DF2CB726694CAA001812FE /* Release */ = {
			isa = XCBuildConfiguration;
			buildSettings = {
				ASSETCATALOG_COMPILER_APPICON_NAME = AppIcon;
				ASSETCATALOG_COMPILER_GLOBAL_ACCENT_COLOR_NAME = AccentColor;
				CODE_SIGN_ENTITLEMENTS = test/test.entitlements;
				CODE_SIGN_STYLE = Automatic;
				COMBINE_HIDPI_IMAGES = YES;
				DEVELOPMENT_TEAM = 8FH8PKCQ84;
				ENABLE_HARDENED_RUNTIME = YES;
				INFOPLIST_FILE = test/Info.plist;
				LD_RUNPATH_SEARCH_PATHS = (
					"$(inherited)",
					"@executable_path/../Frameworks",
				);
				PRODUCT_BUNDLE_IDENTIFIER = "Lemitty-LLC.test";
				PRODUCT_NAME = "$(TARGET_NAME)";
				SWIFT_VERSION = 5.0;
			};
			name = Release;
		};
		D3DF2CB926694CAA001812FE /* Debug */ = {
			isa = XCBuildConfiguration;
			buildSettings = {
				ALWAYS_EMBED_SWIFT_STANDARD_LIBRARIES = YES;
				BUNDLE_LOADER = "$(TEST_HOST)";
				CODE_SIGN_STYLE = Automatic;
				COMBINE_HIDPI_IMAGES = YES;
				DEVELOPMENT_TEAM = 8FH8PKCQ84;
				INFOPLIST_FILE = testTests/Info.plist;
				LD_RUNPATH_SEARCH_PATHS = (
					"$(inherited)",
					"@executable_path/../Frameworks",
					"@loader_path/../Frameworks",
				);
				MACOSX_DEPLOYMENT_TARGET = 11.0;
				PRODUCT_BUNDLE_IDENTIFIER = "Lemitty-LLC.testTests";
				PRODUCT_NAME = "$(TARGET_NAME)";
				SWIFT_VERSION = 5.0;
				TEST_HOST = "$(BUILT_PRODUCTS_DIR)/test.app/Contents/MacOS/test";
			};
			name = Debug;
		};
		D3DF2CBA26694CAA001812FE /* Release */ = {
			isa = XCBuildConfiguration;
			buildSettings = {
				ALWAYS_EMBED_SWIFT_STANDARD_LIBRARIES = YES;
				BUNDLE_LOADER = "$(TEST_HOST)";
				CODE_SIGN_STYLE = Automatic;
				COMBINE_HIDPI_IMAGES = YES;
				DEVELOPMENT_TEAM = 8FH8PKCQ84;
				INFOPLIST_FILE = testTests/Info.plist;
				LD_RUNPATH_SEARCH_PATHS = (
					"$(inherited)",
					"@executable_path/../Frameworks",
					"@loader_path/../Frameworks",
				);
				MACOSX_DEPLOYMENT_TARGET = 11.0;
				PRODUCT_BUNDLE_IDENTIFIER = "Lemitty-LLC.testTests";
				PRODUCT_NAME = "$(TARGET_NAME)";
				SWIFT_VERSION = 5.0;
				TEST_HOST = "$(BUILT_PRODUCTS_DIR)/test.app/Contents/MacOS/test";
			};
			name = Release;
		};
		D3DF2CBC26694CAA001812FE /* Debug */ = {
			isa = XCBuildConfiguration;
			buildSettings = {
				ALWAYS_EMBED_SWIFT_STANDARD_LIBRARIES = YES;
				CODE_SIGN_STYLE = Automatic;
				COMBINE_HIDPI_IMAGES = YES;
				DEVELOPMENT_TEAM = 8FH8PKCQ84;
				INFOPLIST_FILE = testUITests/Info.plist;
				LD_RUNPATH_SEARCH_PATHS = (
					"$(inherited)",
					"@executable_path/../Frameworks",
					"@loader_path/../Frameworks",
				);
				PRODUCT_BUNDLE_IDENTIFIER = "Lemitty-LLC.testUITests";
				PRODUCT_NAME = "$(TARGET_NAME)";
				SWIFT_VERSION = 5.0;
				TEST_TARGET_NAME = test;
			};
			name = Debug;
		};
		D3DF2CBD26694CAA001812FE /* Release */ = {
			isa = XCBuildConfiguration;
			buildSettings = {
				ALWAYS_EMBED_SWIFT_STANDARD_LIBRARIES = YES;
				CODE_SIGN_STYLE = Automatic;
				COMBINE_HIDPI_IMAGES = YES;
				DEVELOPMENT_TEAM = 8FH8PKCQ84;
				INFOPLIST_FILE = testUITests/Info.plist;
				LD_RUNPATH_SEARCH_PATHS = (
					"$(inherited)",
					"@executable_path/../Frameworks",
					"@loader_path/../Frameworks",
				);
				PRODUCT_BUNDLE_IDENTIFIER = "Lemitty-LLC.testUITests";
				PRODUCT_NAME = "$(TARGET_NAME)";
				SWIFT_VERSION = 5.0;
				TEST_TARGET_NAME = test;
			};
			name = Release;
		};
/* End XCBuildConfiguration section */

/* Begin XCConfigurationList section */
		D3DF2C8A26694C9E001812FE /* Build configuration list for PBXProject "test" */ = {
			isa = XCConfigurationList;
			buildConfigurations = (
				D3DF2CB326694CAA001812FE /* Debug */,
				D3DF2CB426694CAA001812FE /* Release */,
			);
			defaultConfigurationIsVisible = 0;
			defaultConfigurationName = Release;
		};
		D3DF2CB526694CAA001812FE /* Build configuration list for PBXNativeTarget "test" */ = {
			isa = XCConfigurationList;
			buildConfigurations = (
				D3DF2CB626694CAA001812FE /* Debug */,
				D3DF2CB726694CAA001812FE /* Release */,
			);
			defaultConfigurationIsVisible = 0;
			defaultConfigurationName = Release;
		};
		D3DF2CB826694CAA001812FE /* Build configuration list for PBXNativeTarget "testTests" */ = {
			isa = XCConfigurationList;
			buildConfigurations = (
				D3DF2CB926694CAA001812FE /* Debug */,
				D3DF2CBA26694CAA001812FE /* Release */,
			);
			defaultConfigurationIsVisible = 0;
			defaultConfigurationName = Release;
		};
		D3DF2CBB26694CAA001812FE /* Build configuration list for PBXNativeTarget "testUITests" */ = {
			isa = XCConfigurationList;
			buildConfigurations = (
				D3DF2CBC26694CAA001812FE /* Debug */,
				D3DF2CBD26694CAA001812FE /* Release */,
			);
			defaultConfigurationIsVisible = 0;
			defaultConfigurationName = Release;
		};
/* End XCConfigurationList section */
	};
	rootObject = D3DF2C8726694C9E001812FE /* Project object */;
}
